
Microsoft Visual Studio Solution File, Format Version 12.00
# Visual Studio Version 17
VisualStudioVersion = 17.9.34728.123
MinimumVisualStudioVersion = 10.0.40219.1
Project("{888888A0-9F3D-457C-B088-3A5042F75D52}") = "EmailClassifierProject", "EmailClassifierProject.pyproj", "{B86CDE2D-CD01-4F0D-8CE6-70E29F3983CF}"
EndProject
Global
	GlobalSection(SolutionConfigurationPlatforms) = preSolution
		Debug|Any CPU = Debug|Any CPU
		Release|Any CPU = Release|Any CPU
	EndGlobalSection
	GlobalSection(ProjectConfigurationPlatforms) = postSolution
		{B86CDE2D-CD01-4F0D-8CE6-70E29F3983CF}.Debug|Any CPU.ActiveCfg = Debug|Any CPU
		{B86CDE2D-CD01-4F0D-8CE6-70E29F3983CF}.Release|Any CPU.ActiveCfg = Release|Any CPU
	EndGlobalSection
	GlobalSection(SolutionProperties) = preSolution
		HideSolutionNode = FALSE
	EndGlobalSection
	GlobalSection(ExtensibilityGlobals) = postSolution
		SolutionGuid = {6EA7F3DE-C95A-4A2C-B9F1-72044A9B8759}
	EndGlobalSection
EndGlobal
